{
  "requires": true,
  "lockfileVersion": 1,
  "dependencies": {
    "big-integer": {
      "version": "1.6.26",
      "resolved": "https://registry.npmjs.org/big-integer/-/big-integer-1.6.26.tgz",
      "integrity": "sha1-OvFnL6Ytry1eyvrPblqg0l4Cwcg="
    },
    "is-number-prime": {
      "version": "1.0.1",
      "resolved": "https://registry.npmjs.org/is-number-prime/-/is-number-prime-1.0.1.tgz",
      "integrity": "sha1-z+Lrps6n59mUBh/C4FY5r9Pb/Pw="
    },
    "written-number": {
      "version": "0.8.1",
      "resolved": "https://registry.npmjs.org/written-number/-/written-number-0.8.1.tgz",
      "integrity": "sha512-/JsYGK+h7t1aPtaxlm2dMXVsyJTaT0bakDHjdgrpuie3KLjF55J0Qx9u38o2Kt9eMUMuCfsZDwJnjntl0crYUw=="
    }
  }
}
