{
  "requires": true,
  "lockfileVersion": 1,
  "dependencies": {
    "@types/bluebird": {
      "version": "3.5.20",
      "resolved": "https://registry.npmjs.org/@types/bluebird/-/bluebird-3.5.20.tgz",
      "integrity": "sha512-Wk41MVdF+cHBfVXj/ufUHJeO3BlIQr1McbHZANErMykaCWeDSZbH5erGjNBw2/3UlRdSxZbLfSuQTzFmPOYFsA=="
    },
    "@types/del": {
      "version": "2.2.33",
      "resolved": "https://registry.npmjs.org/@types/del/-/del-2.2.33.tgz",
      "integrity": "sha512-bXwiHz4Ljz7FXGybdEtCHrsgJE+zIvxmGWgBLMwReMJi6yMenQs1ls3Q/s9rieuja9S/clDKVoXDS7BhEU2lYQ==",
      "requires": {
        "@types/glob": "5.0.35"
      }
    },
    "@types/events": {
      "version": "1.2.0",
      "resolved": "https://registry.npmjs.org/@types/events/-/events-1.2.0.tgz",
      "integrity": "sha512-KEIlhXnIutzKwRbQkGWb/I4HFqBuUykAdHgDED6xqwXJfONCjF5VoE0cXEiurh3XauygxzeDzgtXUqvLkxFzzA=="
    },
    "@types/fs-extra": {
      "version": "0.0.34",
      "resolved": "https://registry.npmjs.org/@types/fs-extra/-/fs-extra-0.0.34.tgz",
      "integrity": "sha1-Tv8v9bBqWjv8VErdOm7TTN+JIzU=",
      "requires": {
        "@types/node": "9.6.0"
      }
    },
    "@types/glob": {
      "version": "5.0.35",
      "resolved": "https://registry.npmjs.org/@types/glob/-/glob-5.0.35.tgz",
      "integrity": "sha512-wc+VveszMLyMWFvXLkloixT4n0harUIVZjnpzztaZ0nKLuul7Z32iMt2fUFGAaZ4y1XWjFRMtCI5ewvyh4aIeg==",
      "requires": {
        "@types/events": "1.2.0",
        "@types/minimatch": "3.0.3",
        "@types/node": "9.6.0"
      }
    },
    "@types/lodash": {
      "version": "4.14.108",
      "resolved": "https://registry.npmjs.org/@types/lodash/-/lodash-4.14.108.tgz",
      "integrity": "sha512-WD2vUOKfBBVHxWUV9iMR9RMfpuf8HquxWeAq2yqGVL7Nc4JW2+sQama0pREMqzNI3Tutj0PyxYUJwuoxxvX+xA=="
    },
    "@types/minimatch": {
      "version": "3.0.3",
      "resolved": "https://registry.npmjs.org/@types/minimatch/-/minimatch-3.0.3.tgz",
      "integrity": "sha512-tHq6qdbT9U1IRSGf14CL0pUlULksvY9OZ+5eEgl1N7t+OA3tGvNpxJCzuKQlsNgCVwbAs670L1vcVQi8j9HjnA=="
    },
    "@types/node": {
      "version": "9.6.0",
      "resolved": "https://registry.npmjs.org/@types/node/-/node-9.6.0.tgz",
      "integrity": "sha512-h3YZbOq2+ZoDFI1z8Zx0Ck/xRWkOESVaLdgLdd/c25mMQ1Y2CAkILu9ny5A15S5f32gGcQdaUIZ2jzYr8D7IFg=="
    },
    "array-union": {
      "version": "1.0.2",
      "resolved": "https://registry.npmjs.org/array-union/-/array-union-1.0.2.tgz",
      "integrity": "sha1-mjRBDk9OPaI96jdb5b5w8kd47Dk=",
      "requires": {
        "array-uniq": "1.0.3"
      }
    },
    "array-uniq": {
      "version": "1.0.3",
      "resolved": "https://registry.npmjs.org/array-uniq/-/array-uniq-1.0.3.tgz",
      "integrity": "sha1-r2rId6Jcx/dOBYiUdThY39sk/bY="
    },
    "arrify": {
      "version": "1.0.1",
      "resolved": "https://registry.npmjs.org/arrify/-/arrify-1.0.1.tgz",
      "integrity": "sha1-iYUI2iIm84DfkEcoRWhJwVAaSw0="
    },
    "assert": {
      "version": "1.4.1",
      "resolved": "https://registry.npmjs.org/assert/-/assert-1.4.1.tgz",
      "integrity": "sha1-mZEtWRg2tab1s0XA8H7vwI/GXZE=",
      "requires": {
        "util": "0.10.3"
      }
    },
    "axios": {
      "version": "0.17.1",
      "resolved": "https://registry.npmjs.org/axios/-/axios-0.17.1.tgz",
      "integrity": "sha1-LY4+XQvb1zJ/kbyBT1xXZg+Bgk0=",
      "requires": {
        "follow-redirects": "1.5.0",
        "is-buffer": "1.1.6"
      }
    },
    "axios-error": {
      "version": "0.7.0",
      "resolved": "https://registry.npmjs.org/axios-error/-/axios-error-0.7.0.tgz",
      "integrity": "sha1-DUM86qqk/L34pyCPgovXl4Hyo+o="
    },
    "balanced-match": {
      "version": "1.0.0",
      "resolved": "https://registry.npmjs.org/balanced-match/-/balanced-match-1.0.0.tgz",
      "integrity": "sha1-ibTRmasr7kneFk6gK4nORi1xt2c="
    },
    "better-sqlite3": {
      "version": "4.1.0",
      "resolved": "https://registry.npmjs.org/better-sqlite3/-/better-sqlite3-4.1.0.tgz",
      "integrity": "sha512-IYcH1F14DfdIzDzSg7TF+0b+GpYmf6UFgV0ZWsaaczy548/S5LFMkYeKHl8EAOQQb1mSHt0lkJA0BGHMRwGOcg==",
      "requires": {
        "bindings": "1.3.0",
        "integer": "1.0.3",
        "lzz-gyp": "0.4.2"
      }
    },
    "big-integer": {
      "version": "1.6.28",
      "resolved": "https://registry.npmjs.org/big-integer/-/big-integer-1.6.28.tgz",
      "integrity": "sha512-OJT3rzgtsYca/5WmmEuFJDPMwROVh5SSjoEX9wIrpfbbWJ4KqRzShs8Cj6jWHaatBYAeWngBA+kmmrcHSklT1g=="
    },
    "bignumber.js": {
      "version": "6.0.0",
      "resolved": "https://registry.npmjs.org/bignumber.js/-/bignumber.js-6.0.0.tgz",
      "integrity": "sha512-x247jIuy60/+FtMRvscqfxtVHQf8AGx2hm9c6btkgC0x/hp9yt+teISNhvF8WlwRkCc5yF2fDECH8SIMe8j+GA=="
    },
    "bindings": {
      "version": "1.3.0",
      "resolved": "https://registry.npmjs.org/bindings/-/bindings-1.3.0.tgz",
      "integrity": "sha512-DpLh5EzMR2kzvX1KIlVC0VkC3iZtHKTgdtZ0a3pglBZdaQFjt5S9g9xd1lE+YvXyfd6mtCeRnrUfOLYiTMlNSw=="
    },
    "bitbuffer": {
      "version": "0.1.3",
      "resolved": "https://registry.npmjs.org/bitbuffer/-/bitbuffer-0.1.3.tgz",
      "integrity": "sha1-eA/rEpfKrw+snkjPq5Rtbv0r05c="
    },
    "bluebird": {
      "version": "3.5.1",
      "resolved": "https://registry.npmjs.org/bluebird/-/bluebird-3.5.1.tgz",
      "integrity": "sha512-MKiLiV+I1AA596t9w1sQJ8jkiSr5+ZKi0WKrYGUn6d1Fx+Ij4tIj+m2WMQSGczs5jZVxV339chE8iwk6F64wjA=="
    },
    "brace-expansion": {
      "version": "1.1.11",
      "resolved": "https://registry.npmjs.org/brace-expansion/-/brace-expansion-1.1.11.tgz",
      "integrity": "sha512-iCuPHDFgrHX7H2vEI/5xpz07zSHB00TpugqhmYtVmMO6518mCuRMoOYFldEBl0g187ufozdaHgWKcYFb61qGiA==",
      "requires": {
        "balanced-match": "1.0.0",
        "concat-map": "0.0.1"
      }
    },
    "cbrt": {
      "version": "1.0.1",
      "resolved": "https://registry.npmjs.org/cbrt/-/cbrt-1.0.1.tgz",
      "integrity": "sha1-WId6E+LZYt0412pZVkEK5JLudBo=",
      "requires": {
        "is-finite": "1.0.2"
      }
    },
    "concat-map": {
      "version": "0.0.1",
      "resolved": "https://registry.npmjs.org/concat-map/-/concat-map-0.0.1.tgz",
      "integrity": "sha1-2Klr13/Wjfd5OnMDajug1UBdR3s="
    },
    "debug": {
      "version": "3.1.0",
      "resolved": "https://registry.npmjs.org/debug/-/debug-3.1.0.tgz",
      "integrity": "sha512-OX8XqP7/1a9cqkxYw2yXss15f26NKWBpDXQd0/uK/KPqdQhxbPa994hnzjcE2VqQpDslf55723cKPUOGSmMY3g==",
      "requires": {
        "ms": "2.0.0"
      }
    },
    "del": {
      "version": "2.2.2",
      "resolved": "https://registry.npmjs.org/del/-/del-2.2.2.tgz",
      "integrity": "sha1-wSyYHQZ4RshLyvhiz/kw2Qf/0ag=",
      "requires": {
        "globby": "5.0.0",
        "is-path-cwd": "1.0.0",
        "is-path-in-cwd": "1.0.1",
        "object-assign": "4.1.1",
        "pify": "2.3.0",
        "pinkie-promise": "2.0.1",
        "rimraf": "2.6.2"
      }
    },
    "follow-redirects": {
      "version": "1.5.0",
      "resolved": "https://registry.npmjs.org/follow-redirects/-/follow-redirects-1.5.0.tgz",
      "integrity": "sha512-fdrt472/9qQ6Kgjvb935ig6vJCuofpBUD14f9Vb+SLlm7xIe4Qva5gey8EKtv8lp7ahE1wilg3xL1znpVGtZIA==",
      "requires": {
        "debug": "3.1.0"
      }
    },
    "fraction.js": {
      "version": "4.0.8",
      "resolved": "https://registry.npmjs.org/fraction.js/-/fraction.js-4.0.8.tgz",
      "integrity": "sha512-8Jx2AkFIFQtFaF8wP7yUIW+lnCgzPbxsholryMZ+oPK6kKjY/nUrvMKtq1+A8aSAeFau7+G/zfO8aGk2Aw1wCA=="
    },
    "fs-extra": {
      "version": "1.0.0",
      "resolved": "https://registry.npmjs.org/fs-extra/-/fs-extra-1.0.0.tgz",
      "integrity": "sha1-zTzl9+fLYUWIP8rjGR6Yd/hYeVA=",
      "requires": {
        "graceful-fs": "4.1.11",
        "jsonfile": "2.4.0",
        "klaw": "1.3.1"
      }
    },
    "fs.realpath": {
      "version": "1.0.0",
      "resolved": "https://registry.npmjs.org/fs.realpath/-/fs.realpath-1.0.0.tgz",
      "integrity": "sha1-FQStJSMVjKpA20onh8sBQRmU6k8="
    },
    "gcd": {
      "version": "0.0.1",
      "resolved": "https://registry.npmjs.org/gcd/-/gcd-0.0.1.tgz",
      "integrity": "sha1-QeC7YLzJJFY1QZhgoiVEsjC6L3U="
    },
    "get-primes": {
      "version": "1.0.3",
      "resolved": "https://registry.npmjs.org/get-primes/-/get-primes-1.0.3.tgz",
      "integrity": "sha1-01Aal775XJNXHCDPFTI+bb5ea/w="
    },
    "glob": {
      "version": "7.1.2",
      "resolved": "https://registry.npmjs.org/glob/-/glob-7.1.2.tgz",
      "integrity": "sha512-MJTUg1kjuLeQCJ+ccE4Vpa6kKVXkPYJ2mOCQyUuKLcLQsdrMCpBPUi8qVE6+YuaJkozeA9NusTAw3hLr8Xe5EQ==",
      "requires": {
        "fs.realpath": "1.0.0",
        "inflight": "1.0.6",
        "inherits": "2.0.1",
        "minimatch": "3.0.4",
        "once": "1.4.0",
        "path-is-absolute": "1.0.1"
      }
    },
    "globby": {
      "version": "5.0.0",
      "resolved": "https://registry.npmjs.org/globby/-/globby-5.0.0.tgz",
      "integrity": "sha1-69hGZ8oNuzMLmbz8aOrCvFQ3Dg0=",
      "requires": {
        "array-union": "1.0.2",
        "arrify": "1.0.1",
        "glob": "7.1.2",
        "object-assign": "4.1.1",
        "pify": "2.3.0",
        "pinkie-promise": "2.0.1"
      }
    },
    "graceful-fs": {
      "version": "4.1.11",
      "resolved": "https://registry.npmjs.org/graceful-fs/-/graceful-fs-4.1.11.tgz",
      "integrity": "sha1-Dovf5NHduIVNZOBOp8AOKgJuVlg="
    },
    "iconv-lite": {
      "version": "0.2.11",
      "resolved": "https://registry.npmjs.org/iconv-lite/-/iconv-lite-0.2.11.tgz",
      "integrity": "sha1-HOYKOleGSiktEyH/RgnKS7llrcg="
    },
    "inflight": {
      "version": "1.0.6",
      "resolved": "https://registry.npmjs.org/inflight/-/inflight-1.0.6.tgz",
      "integrity": "sha1-Sb1jMdfQLQwJvJEKEHW6gWW1bfk=",
      "requires": {
        "once": "1.4.0",
        "wrappy": "1.0.2"
      }
    },
    "inherits": {
      "version": "2.0.1",
      "resolved": "https://registry.npmjs.org/inherits/-/inherits-2.0.1.tgz",
      "integrity": "sha1-sX0I0ya0Qj5Wjv9xn5GwscvfafE="
    },
    "integer": {
      "version": "1.0.3",
      "resolved": "https://registry.npmjs.org/integer/-/integer-1.0.3.tgz",
      "integrity": "sha512-yXyGHha2cDP6qyc9EMR9SsRVYhD7gvmXgVdLhKbyE8seHx0WVo11RRRU1p+sQearQMe1Ezfc8prWx5BnmSaVVA==",
      "requires": {
        "bindings": "1.3.0"
      }
    },
    "is-buffer": {
      "version": "1.1.6",
      "resolved": "https://registry.npmjs.org/is-buffer/-/is-buffer-1.1.6.tgz",
      "integrity": "sha512-NcdALwpXkTm5Zvvbk7owOUSvVvBKDgKP5/ewfXEznmQFfs4ZRmanOeKBTjRVjka3QFoN6XJ+9F3USqfHqTaU5w=="
    },
    "is-coprime": {
      "version": "1.0.0",
      "resolved": "https://registry.npmjs.org/is-coprime/-/is-coprime-1.0.0.tgz",
      "integrity": "sha1-TCI44om976mXE5YPCbgUk5vOdnE=",
      "requires": {
        "gcd": "0.0.1"
      }
    },
    "is-finite": {
      "version": "1.0.2",
      "resolved": "https://registry.npmjs.org/is-finite/-/is-finite-1.0.2.tgz",
      "integrity": "sha1-zGZ3aVYCvlUO8R6LSqYwU0K20Ko=",
      "requires": {
        "number-is-nan": "1.0.1"
      }
    },
    "is-number-prime": {
      "version": "1.0.1",
      "resolved": "https://registry.npmjs.org/is-number-prime/-/is-number-prime-1.0.1.tgz",
      "integrity": "sha1-z+Lrps6n59mUBh/C4FY5r9Pb/Pw="
    },
    "is-path-cwd": {
      "version": "1.0.0",
      "resolved": "https://registry.npmjs.org/is-path-cwd/-/is-path-cwd-1.0.0.tgz",
      "integrity": "sha1-0iXsIxMuie3Tj9p2dHLmLmXxEG0="
    },
    "is-path-in-cwd": {
      "version": "1.0.1",
      "resolved": "https://registry.npmjs.org/is-path-in-cwd/-/is-path-in-cwd-1.0.1.tgz",
      "integrity": "sha512-FjV1RTW48E7CWM7eE/J2NJvAEEVektecDBVBE5Hh3nM1Jd0kvhHtX68Pr3xsDf857xt3Y4AkwVULK1Vku62aaQ==",
      "requires": {
        "is-path-inside": "1.0.1"
      }
    },
    "is-path-inside": {
      "version": "1.0.1",
      "resolved": "https://registry.npmjs.org/is-path-inside/-/is-path-inside-1.0.1.tgz",
      "integrity": "sha1-jvW33lBDej/cprToZe96pVy0gDY=",
      "requires": {
        "path-is-inside": "1.0.2"
      }
    },
    "jsonfile": {
      "version": "2.4.0",
      "resolved": "https://registry.npmjs.org/jsonfile/-/jsonfile-2.4.0.tgz",
      "integrity": "sha1-NzaitCi4e72gzIO1P6PWM6NcKug=",
      "requires": {
        "graceful-fs": "4.1.11"
      }
    },
    "klaw": {
      "version": "1.3.1",
      "resolved": "https://registry.npmjs.org/klaw/-/klaw-1.3.1.tgz",
      "integrity": "sha1-QIhDO0azsbolnXh4XY6W9zugJDk=",
      "requires": {
        "graceful-fs": "4.1.11"
      }
    },
    "linear-algebra": {
      "version": "3.1.4",
      "resolved": "https://registry.npmjs.org/linear-algebra/-/linear-algebra-3.1.4.tgz",
      "integrity": "sha1-5dwKtbofvSNHMgm/kj1iONt4pWs="
    },
    "lodash": {
      "version": "4.17.10",
      "resolved": "https://registry.npmjs.org/lodash/-/lodash-4.17.10.tgz",
      "integrity": "sha512-UejweD1pDoXu+AD825lWwp4ZGtSwgnpZxb3JDViD7StjQz+Nb/6l093lx4OQ0foGWNRoc19mWy7BzL+UAK2iVg=="
    },
    "lzz-gyp": {
      "version": "0.4.2",
      "resolved": "https://registry.npmjs.org/lzz-gyp/-/lzz-gyp-0.4.2.tgz",
      "integrity": "sha1-SVxEA0ofUMSKYPDvnCjUJ2Olspc="
    },
    "minimatch": {
      "version": "3.0.4",
      "resolved": "https://registry.npmjs.org/minimatch/-/minimatch-3.0.4.tgz",
      "integrity": "sha512-yJHVQEhyqPLUTgt9B83PXu6W3rx4MvvHvSUvToogpwoGDOUQ+yDrR0HRot+yOCdCO7u4hX3pWft6kWBBcqh0UA==",
      "requires": {
        "brace-expansion": "1.1.11"
      }
    },
    "ml-array-max": {
      "version": "1.0.1",
      "resolved": "https://registry.npmjs.org/ml-array-max/-/ml-array-max-1.0.1.tgz",
      "integrity": "sha512-6wdNU+pLrODrGvqP2Yu2kQTJEayzR4vBzrc1JPwO5+j8cgxLCKA5YLEorbnJm85Dn+bLSkpzNkm9CeIxyNTKvw=="
    },
    "ml-array-min": {
      "version": "1.0.1",
      "resolved": "https://registry.npmjs.org/ml-array-min/-/ml-array-min-1.0.1.tgz",
      "integrity": "sha512-lMUTSRub73HhWhPuuSYQY8K+ECpQO/ckoYdVWNlWqVYCUhmzQe+pzl5YrQqrHWHKuYmCwYu1cEGC8z3+j9XB7w=="
    },
    "ml-array-rescale": {
      "version": "1.1.0",
      "resolved": "https://registry.npmjs.org/ml-array-rescale/-/ml-array-rescale-1.1.0.tgz",
      "integrity": "sha512-pBUZV5klWv/H0tgCnOFCIdny9WTCk9jUP/2JebS1otnh/PcRaH9csv4PLt8K4f2r7P++uPrRja0PJa2GQwehbg==",
      "requires": {
        "ml-array-max": "1.0.1",
        "ml-array-min": "1.0.1"
      }
    },
    "ml-matrix": {
      "version": "5.1.1",
      "resolved": "https://registry.npmjs.org/ml-matrix/-/ml-matrix-5.1.1.tgz",
      "integrity": "sha512-TKns+T+OOhE92qfF80qkaq4QGQhVm2VqQN/cdkMxwm/8r4cIBPQA225xnQmPt5yR/FEBlV484KLk0HNEBY6dTw==",
      "requires": {
        "ml-array-max": "1.0.1",
        "ml-array-rescale": "1.1.0"
      }
    },
    "mlcm": {
      "version": "0.0.3",
      "resolved": "https://registry.npmjs.org/mlcm/-/mlcm-0.0.3.tgz",
      "integrity": "sha1-ssSkHiXDvNXt1l8z9dLjdm60dKQ="
    },
    "ms": {
      "version": "2.0.0",
      "resolved": "https://registry.npmjs.org/ms/-/ms-2.0.0.tgz",
      "integrity": "sha1-VgiurfwAvmwpAd9fmGF4jeDVl8g="
    },
    "node-matrix": {
      "version": "1.0.0",
      "resolved": "https://registry.npmjs.org/node-matrix/-/node-matrix-1.0.0.tgz",
      "integrity": "sha512-sgm/nwBx9oacJs9WqUPpxEHTRbIyik0qwWeVyZWJ/J3URWNG5gdq30bIUdH1U5tPwm8X8gfKEV+J00qU/CKY7w=="
    },
    "number-is-nan": {
      "version": "1.0.1",
      "resolved": "https://registry.npmjs.org/number-is-nan/-/number-is-nan-1.0.1.tgz",
      "integrity": "sha1-CXtgK1NCKlIsGvuHkDGDNpQaAR0="
    },
    "object-assign": {
      "version": "4.1.1",
      "resolved": "https://registry.npmjs.org/object-assign/-/object-assign-4.1.1.tgz",
      "integrity": "sha1-IQmtx5ZYh8/AXLvUQsrIv7s2CGM="
    },
    "once": {
      "version": "1.4.0",
      "resolved": "https://registry.npmjs.org/once/-/once-1.4.0.tgz",
      "integrity": "sha1-WDsap3WWHUsROsF9nFC6753Xa9E=",
      "requires": {
        "wrappy": "1.0.2"
      }
    },
    "path-is-absolute": {
      "version": "1.0.1",
      "resolved": "https://registry.npmjs.org/path-is-absolute/-/path-is-absolute-1.0.1.tgz",
      "integrity": "sha1-F0uSaHNVNP+8es5r9TpanhtcX18="
    },
    "path-is-inside": {
      "version": "1.0.2",
      "resolved": "https://registry.npmjs.org/path-is-inside/-/path-is-inside-1.0.2.tgz",
      "integrity": "sha1-NlQX3t5EQw0cEa9hAn+s8HS9/FM="
    },
    "pify": {
      "version": "2.3.0",
      "resolved": "https://registry.npmjs.org/pify/-/pify-2.3.0.tgz",
      "integrity": "sha1-7RQaasBDqEnqWISY59yosVMw6Qw="
    },
    "pinkie": {
      "version": "2.0.4",
      "resolved": "https://registry.npmjs.org/pinkie/-/pinkie-2.0.4.tgz",
      "integrity": "sha1-clVrgM+g1IqXToDnckjoDtT3+HA="
    },
    "pinkie-promise": {
      "version": "2.0.1",
      "resolved": "https://registry.npmjs.org/pinkie-promise/-/pinkie-promise-2.0.1.tgz",
      "integrity": "sha1-ITXW36ejWMBprJsXh3YogihFD/o=",
      "requires": {
        "pinkie": "2.0.4"
      }
    },
    "pretty-hrtime": {
      "version": "1.0.3",
      "resolved": "https://registry.npmjs.org/pretty-hrtime/-/pretty-hrtime-1.0.3.tgz",
      "integrity": "sha1-t+PqQkNaTJsnWdmeDyAesZWALuE="
    },
    "qs": {
      "version": "1.2.0",
      "resolved": "https://registry.npmjs.org/qs/-/qs-1.2.0.tgz",
      "integrity": "sha1-7Qeb4oaCFH5v2aNMwrDB4OxkU+4="
    },
    "restler": {
      "version": "3.4.0",
      "resolved": "https://registry.npmjs.org/restler/-/restler-3.4.0.tgz",
      "integrity": "sha1-dB7As9FrlJ/uooE9DDxoUp6IjZs=",
      "requires": {
        "iconv-lite": "0.2.11",
        "qs": "1.2.0",
        "xml2js": "0.4.0",
        "yaml": "0.2.3"
      }
    },
    "rimraf": {
      "version": "2.6.2",
      "resolved": "https://registry.npmjs.org/rimraf/-/rimraf-2.6.2.tgz",
      "integrity": "sha512-lreewLK/BlghmxtfH36YYVg1i8IAce4TI7oao75I1g245+6BctqTVQiBP3YUJ9C6DQOXJmkYR9X9fCLtCOJc5w==",
      "requires": {
        "glob": "7.1.2"
      }
    },
    "romans": {
      "version": "1.0.0",
      "resolved": "https://registry.npmjs.org/romans/-/romans-1.0.0.tgz",
      "integrity": "sha1-hmxoWwghAn9xyEpsplh1IEkxtP4="
    },
    "sax": {
      "version": "0.5.8",
      "resolved": "https://registry.npmjs.org/sax/-/sax-0.5.8.tgz",
      "integrity": "sha1-1HLbIo6zMcJQaw6MFVJK25OdEsE="
    },
    "slack-webhook": {
      "version": "1.0.0",
      "resolved": "https://registry.npmjs.org/slack-webhook/-/slack-webhook-1.0.0.tgz",
      "integrity": "sha1-8K0bc/J4oU6KsUG5VV9BWdVgXzg="
    },
    "util": {
      "version": "0.10.3",
      "resolved": "https://registry.npmjs.org/util/-/util-0.10.3.tgz",
      "integrity": "sha1-evsa/lCAUkZInj23/g7TeTNqwPk=",
      "requires": {
        "inherits": "2.0.1"
      }
    },
    "wrappy": {
      "version": "1.0.2",
      "resolved": "https://registry.npmjs.org/wrappy/-/wrappy-1.0.2.tgz",
      "integrity": "sha1-tSQ9jz7BqjXxNkYFvA0QNuMKtp8="
    },
    "written-number": {
      "version": "0.8.1",
      "resolved": "https://registry.npmjs.org/written-number/-/written-number-0.8.1.tgz",
      "integrity": "sha512-/JsYGK+h7t1aPtaxlm2dMXVsyJTaT0bakDHjdgrpuie3KLjF55J0Qx9u38o2Kt9eMUMuCfsZDwJnjntl0crYUw=="
    },
    "xml2js": {
      "version": "0.4.0",
      "resolved": "https://registry.npmjs.org/xml2js/-/xml2js-0.4.0.tgz",
      "integrity": "sha1-Ek/EEUtBKcgQgA7LKshs8lRiy5o=",
      "requires": {
        "sax": "0.5.8",
        "xmlbuilder": "10.0.0"
      }
    },
    "xmlbuilder": {
      "version": "10.0.0",
      "resolved": "https://registry.npmjs.org/xmlbuilder/-/xmlbuilder-10.0.0.tgz",
      "integrity": "sha512-7RWHlmF1yU/E++BZkRQTEv8ZFAhZ+YHINUAxiZ5LQTKRQq//igpiY8rh7dJqPzgb/IzeC5jH9P7OaCERfM9DwA=="
    },
    "yaml": {
      "version": "0.2.3",
      "resolved": "https://registry.npmjs.org/yaml/-/yaml-0.2.3.tgz",
      "integrity": "sha1-tUUOkudu82td0k42YAkeuu7z5cc="
    }
  }
}
