{
  "requires": true,
  "lockfileVersion": 1,
  "dependencies": {
    "big-integer": {
      "version": "1.6.26",
      "resolved": "https://registry.npmjs.org/big-integer/-/big-integer-1.6.26.tgz",
      "integrity": "sha1-OvFnL6Ytry1eyvrPblqg0l4Cwcg="
    },
    "bignumber.js": {
      "version": "6.0.0",
      "resolved": "https://registry.npmjs.org/bignumber.js/-/bignumber.js-6.0.0.tgz",
      "integrity": "sha512-x247jIuy60/+FtMRvscqfxtVHQf8AGx2hm9c6btkgC0x/hp9yt+teISNhvF8WlwRkCc5yF2fDECH8SIMe8j+GA=="
    },
    "is-number-prime": {
      "version": "1.0.1",
      "resolved": "https://registry.npmjs.org/is-number-prime/-/is-number-prime-1.0.1.tgz",
      "integrity": "sha1-z+Lrps6n59mUBh/C4FY5r9Pb/Pw="
    },
    "js-roman-numerals": {
      "version": "1.1.0",
      "resolved": "https://registry.npmjs.org/js-roman-numerals/-/js-roman-numerals-1.1.0.tgz",
      "integrity": "sha512-xtWtcNU+uYmbY544e9yz4vmtObdfEZgaD2Zu1BiOfK/JuYpiRIT3x5nGWhcD2sDD+JYoVDB5dWzpOZ4T0B2Anw=="
    },
    "pretty-hrtime": {
      "version": "1.0.3",
      "resolved": "https://registry.npmjs.org/pretty-hrtime/-/pretty-hrtime-1.0.3.tgz",
      "integrity": "sha1-t+PqQkNaTJsnWdmeDyAesZWALuE="
    },
    "written-number": {
      "version": "0.8.1",
      "resolved": "https://registry.npmjs.org/written-number/-/written-number-0.8.1.tgz",
      "integrity": "sha512-/JsYGK+h7t1aPtaxlm2dMXVsyJTaT0bakDHjdgrpuie3KLjF55J0Qx9u38o2Kt9eMUMuCfsZDwJnjntl0crYUw=="
    }
  }
}
