{
  "name": "tools",
  "version": "1.0.0",
  "lockfileVersion": 1,
  "requires": true,
  "dependencies": {
    "is-number-prime": {
      "version": "1.0.1",
      "resolved": "https://registry.npmjs.org/is-number-prime/-/is-number-prime-1.0.1.tgz",
      "integrity": "sha1-z+Lrps6n59mUBh/C4FY5r9Pb/Pw="
    },
    "slack-webhook": {
      "version": "1.0.0",
      "resolved": "https://registry.npmjs.org/slack-webhook/-/slack-webhook-1.0.0.tgz",
      "integrity": "sha1-8K0bc/J4oU6KsUG5VV9BWdVgXzg="
    }
  }
}
